
Microsoft Visual Studio Solution File, Format Version 12.00
# Visual Studio 15
VisualStudioVersion = 15.0.27130.2010
MinimumVisualStudioVersion = 10.0.40219.1
Project("{FAE04EC0-301F-11D3-BF4B-00C04F79EFBC}") = "BathroomStalls", "BathroomStalls\BathroomStalls.csproj", "{B5A23035-159E-42B8-857F-7F965C24620F}"
EndProject
Global
	GlobalSection(SolutionConfigurationPlatforms) = preSolution
		Debug|Any CPU = Debug|Any CPU
		Release|Any CPU = Release|Any CPU
	EndGlobalSection
	GlobalSection(ProjectConfigurationPlatforms) = postSolution
		{B5A23035-159E-42B8-857F-7F965C24620F}.Debug|Any CPU.ActiveCfg = Debug|Any CPU
		{B5A23035-159E-42B8-857F-7F965C24620F}.Debug|Any CPU.Build.0 = Debug|Any CPU
		{B5A23035-159E-42B8-857F-7F965C24620F}.Release|Any CPU.ActiveCfg = Release|Any CPU
		{B5A23035-159E-42B8-857F-7F965C24620F}.Release|Any CPU.Build.0 = Release|Any CPU
	EndGlobalSection
	GlobalSection(SolutionProperties) = preSolution
		HideSolutionNode = FALSE
	EndGlobalSection
	GlobalSection(ExtensibilityGlobals) = postSolution
		SolutionGuid = {ABCABA98-7EF3-4F64-8D62-D49D9AB6BEAE}
	EndGlobalSection
EndGlobal
